
Microsoft Visual Studio Solution File, Format Version 12.00
# Visual Studio 15
VisualStudioVersion = 15.0.27703.2042
MinimumVisualStudioVersion = 10.0.40219.1
Project("{FAE04EC0-301F-11D3-BF4B-00C04F79EFBC}") = "HomeWorkA6", "HomeWorkA6\HomeWorkA6.csproj", "{7883AA8D-DB2A-4893-B8CA-3535E150E12B}"
EndProject
Global
	GlobalSection(SolutionConfigurationPlatforms) = preSolution
		Debug|Any CPU = Debug|Any CPU
		Release|Any CPU = Release|Any CPU
	EndGlobalSection
	GlobalSection(ProjectConfigurationPlatforms) = postSolution
		{7883AA8D-DB2A-4893-B8CA-3535E150E12B}.Debug|Any CPU.ActiveCfg = Debug|Any CPU
		{7883AA8D-DB2A-4893-B8CA-3535E150E12B}.Debug|Any CPU.Build.0 = Debug|Any CPU
		{7883AA8D-DB2A-4893-B8CA-3535E150E12B}.Release|Any CPU.ActiveCfg = Release|Any CPU
		{7883AA8D-DB2A-4893-B8CA-3535E150E12B}.Release|Any CPU.Build.0 = Release|Any CPU
	EndGlobalSection
	GlobalSection(SolutionProperties) = preSolution
		HideSolutionNode = FALSE
	EndGlobalSection
	GlobalSection(ExtensibilityGlobals) = postSolution
		SolutionGuid = {E186BA0A-7CF0-420A-AA45-A19C303CC8EA}
	EndGlobalSection
EndGlobal
